
Microsoft Visual Studio Solution File, Format Version 12.00
# Visual Studio Version 17
VisualStudioVersion = 17.1.32210.238
MinimumVisualStudioVersion = 10.0.40219.1
Project("{FAE04EC0-301F-11D3-BF4B-00C04F79EFBC}") = "AssistAnt", "AssistAnt.csproj", "{338722EE-1073-463E-9A91-A1F8D26E2F9B}"
EndProject
Project("{FAE04EC0-301F-11D3-BF4B-00C04F79EFBC}") = "GTranslatorAPIF", "GTranslatorAPIF\GTranslatorAPIF.csproj", "{D3D39C24-A7B2-4535-8054-A8DE81FD5232}"
EndProject
Global
	GlobalSection(SolutionConfigurationPlatforms) = preSolution
		Debug|Any CPU = Debug|Any CPU
		Debug|x64 = Debug|x64
		Release|Any CPU = Release|Any CPU
		Release|x64 = Release|x64
	EndGlobalSection
	GlobalSection(ProjectConfigurationPlatforms) = postSolution
		{338722EE-1073-463E-9A91-A1F8D26E2F9B}.Debug|Any CPU.ActiveCfg = Debug|Any CPU
		{338722EE-1073-463E-9A91-A1F8D26E2F9B}.Debug|Any CPU.Build.0 = Debug|Any CPU
		{338722EE-1073-463E-9A91-A1F8D26E2F9B}.Debug|x64.ActiveCfg = Debug|x64
		{338722EE-1073-463E-9A91-A1F8D26E2F9B}.Debug|x64.Build.0 = Debug|x64
		{338722EE-1073-463E-9A91-A1F8D26E2F9B}.Release|Any CPU.ActiveCfg = Release|Any CPU
		{338722EE-1073-463E-9A91-A1F8D26E2F9B}.Release|Any CPU.Build.0 = Release|Any CPU
		{338722EE-1073-463E-9A91-A1F8D26E2F9B}.Release|x64.ActiveCfg = Release|x64
		{338722EE-1073-463E-9A91-A1F8D26E2F9B}.Release|x64.Build.0 = Release|x64
		{D3D39C24-A7B2-4535-8054-A8DE81FD5232}.Debug|Any CPU.ActiveCfg = Debug|Any CPU
		{D3D39C24-A7B2-4535-8054-A8DE81FD5232}.Debug|Any CPU.Build.0 = Debug|Any CPU
		{D3D39C24-A7B2-4535-8054-A8DE81FD5232}.Debug|x64.ActiveCfg = Debug|x64
		{D3D39C24-A7B2-4535-8054-A8DE81FD5232}.Debug|x64.Build.0 = Debug|x64
		{D3D39C24-A7B2-4535-8054-A8DE81FD5232}.Release|Any CPU.ActiveCfg = Release|Any CPU
		{D3D39C24-A7B2-4535-8054-A8DE81FD5232}.Release|Any CPU.Build.0 = Release|Any CPU
		{D3D39C24-A7B2-4535-8054-A8DE81FD5232}.Release|x64.ActiveCfg = Release|x64
		{D3D39C24-A7B2-4535-8054-A8DE81FD5232}.Release|x64.Build.0 = Release|x64
	EndGlobalSection
	GlobalSection(SolutionProperties) = preSolution
		HideSolutionNode = FALSE
	EndGlobalSection
	GlobalSection(ExtensibilityGlobals) = postSolution
		SolutionGuid = {FCF7AB16-FEA4-40D9-A217-202A2C368949}
	EndGlobalSection
EndGlobal
